
Microsoft Visual Studio Solution File, Format Version 12.00
# Visual Studio Version 17
VisualStudioVersion = 17.0.31903.59
MinimumVisualStudioVersion = 10.0.40219.1
Project("{FAE04EC0-301F-11D3-BF4B-00C04F79EFBC}") = "StringLibrary", "StringLibrary\StringLibrary.csproj", "{8C779933-0AB2-4509-AE9A-1C2574599F73}"
EndProject
Project("{FAE04EC0-301F-11D3-BF4B-00C04F79EFBC}") = "ShowCase", "ShowCase\ShowCase.csproj", "{9813E575-CC95-467D-BC13-99AC9D58C7B0}"
EndProject
Project("{FAE04EC0-301F-11D3-BF4B-00C04F79EFBC}") = "StringLibraryTest", "StringLibraryTest\StringLibraryTest.csproj", "{3C5548BC-9C1A-42B0-A694-DA23D4E08610}"
EndProject
Global
	GlobalSection(SolutionConfigurationPlatforms) = preSolution
		Debug|Any CPU = Debug|Any CPU
		Release|Any CPU = Release|Any CPU
	EndGlobalSection
	GlobalSection(SolutionProperties) = preSolution
		HideSolutionNode = FALSE
	EndGlobalSection
	GlobalSection(ProjectConfigurationPlatforms) = postSolution
		{8C779933-0AB2-4509-AE9A-1C2574599F73}.Debug|Any CPU.ActiveCfg = Debug|Any CPU
		{8C779933-0AB2-4509-AE9A-1C2574599F73}.Debug|Any CPU.Build.0 = Debug|Any CPU
		{8C779933-0AB2-4509-AE9A-1C2574599F73}.Release|Any CPU.ActiveCfg = Release|Any CPU
		{8C779933-0AB2-4509-AE9A-1C2574599F73}.Release|Any CPU.Build.0 = Release|Any CPU
		{9813E575-CC95-467D-BC13-99AC9D58C7B0}.Debug|Any CPU.ActiveCfg = Debug|Any CPU
		{9813E575-CC95-467D-BC13-99AC9D58C7B0}.Debug|Any CPU.Build.0 = Debug|Any CPU
		{9813E575-CC95-467D-BC13-99AC9D58C7B0}.Release|Any CPU.ActiveCfg = Release|Any CPU
		{9813E575-CC95-467D-BC13-99AC9D58C7B0}.Release|Any CPU.Build.0 = Release|Any CPU
		{3C5548BC-9C1A-42B0-A694-DA23D4E08610}.Debug|Any CPU.ActiveCfg = Debug|Any CPU
		{3C5548BC-9C1A-42B0-A694-DA23D4E08610}.Debug|Any CPU.Build.0 = Debug|Any CPU
		{3C5548BC-9C1A-42B0-A694-DA23D4E08610}.Release|Any CPU.ActiveCfg = Release|Any CPU
		{3C5548BC-9C1A-42B0-A694-DA23D4E08610}.Release|Any CPU.Build.0 = Release|Any CPU
	EndGlobalSection
EndGlobal
